
Microsoft Visual Studio Solution File, Format Version 12.00
# Visual Studio 14
VisualStudioVersion = 14.0.25123.0
MinimumVisualStudioVersion = 10.0.40219.1
Project("{FAE04EC0-301F-11D3-BF4B-00C04F79EFBC}") = "StudyPlanner.WebUI", "StudyPlanner.WebUI\StudyPlanner.WebUI.csproj", "{CEDF005A-449A-49A6-85DC-0D05D77B3137}"
EndProject
Project("{FAE04EC0-301F-11D3-BF4B-00C04F79EFBC}") = "StudyPlanner.Domain", "StudyPlanner.Domain\StudyPlanner.Domain.csproj", "{5C48E1FC-A6C1-43E3-ACD1-34424D5AA0A5}"
EndProject
Global
	GlobalSection(SolutionConfigurationPlatforms) = preSolution
		Debug|Any CPU = Debug|Any CPU
		Release|Any CPU = Release|Any CPU
	EndGlobalSection
	GlobalSection(ProjectConfigurationPlatforms) = postSolution
		{CEDF005A-449A-49A6-85DC-0D05D77B3137}.Debug|Any CPU.ActiveCfg = Debug|Any CPU
		{CEDF005A-449A-49A6-85DC-0D05D77B3137}.Debug|Any CPU.Build.0 = Debug|Any CPU
		{CEDF005A-449A-49A6-85DC-0D05D77B3137}.Release|Any CPU.ActiveCfg = Release|Any CPU
		{CEDF005A-449A-49A6-85DC-0D05D77B3137}.Release|Any CPU.Build.0 = Release|Any CPU
		{5C48E1FC-A6C1-43E3-ACD1-34424D5AA0A5}.Debug|Any CPU.ActiveCfg = Debug|Any CPU
		{5C48E1FC-A6C1-43E3-ACD1-34424D5AA0A5}.Debug|Any CPU.Build.0 = Debug|Any CPU
		{5C48E1FC-A6C1-43E3-ACD1-34424D5AA0A5}.Release|Any CPU.ActiveCfg = Release|Any CPU
		{5C48E1FC-A6C1-43E3-ACD1-34424D5AA0A5}.Release|Any CPU.Build.0 = Release|Any CPU
	EndGlobalSection
	GlobalSection(SolutionProperties) = preSolution
		HideSolutionNode = FALSE
	EndGlobalSection
EndGlobal
